[URLHashes]
  "basic_fetch_url https://brmbl.s3.amazonaws.com/busybox-x86_64.tar.gz" = "uw5ichj6dhcccmcts6p7jq6etzlh5baf"
  "basic_fetch_url https://brmbl.s3.amazonaws.com/url_fetcher.tar.gz" = "p2vbvabkdqckjlm43rf7bfccdseizych"
  "fetch_git https://github.com/maxmcd/bramble.git@v0" = "ebzl4qxuufyxuejtyujh7mdul4spjcgk"
  "fetch_url http://s.minos.io/archive/bifrost/x86_64/git-2.10.2-1.tar.gz" = "omtz2dd5irsgvbg7eeksovceutw5abhb"
  "fetch_url http://tarballs.nixos.org/stdenv-linux/x86_64/c5aabb0d603e2c1ea05f5a93b3be82437f5ebf31/bootstrap-tools.tar.xz" = "cspu7ndkuuq2f7t5vvgsmvdt3xnoypqb"
  "fetch_url https://brmbl.s3.amazonaws.com/busybox-x86_64.tar.gz" = "uw5ichj6dhcccmcts6p7jq6etzlh5baf"
  "fetch_url https://brmbl.s3.amazonaws.com/ca-certificates.crt" = "qucryjlyakz2x2asktkm6dtzpx4qz5rj"
  "fetch_url https://brmbl.s3.amazonaws.com/file-links.tar.gz" = "rdk4ljksk75wjx7fflcv5vyc7a4dgbbt"
  "fetch_url https://github.com/NixOS/patchelf/releases/download/0.13/patchelf-0.13.tar.bz2" = "qffzn3vcrs5tu4lb5vtm6eaplwfjgtth"
  "fetch_url https://github.com/denoland/deno/releases/download/v1.14.0/deno-x86_64-unknown-linux-gnu.zip" = "k5fftqwt46izovwwttzh5ebmjiccxuhz"
  "fetch_url https://golang.org/dl/go1.17.2.linux-amd64.tar.gz" = "fm3ujt23vqou74mr5fz5dyygzisllhnq"
  "fetch_url https://maxmcd.com/" = "y6yjtwbeq54vudyqh573msqquk67lbd6"
  "fetch_url https://ziglang.org/builds/zig-linux-x86_64-0.9.0-dev.946+6237dc0ab.tar.xz" = "3yhnkjln5ctjemvbvyf7uiff4523lway"
